// !$*UTF8*$!
{
	archiveVersion = 1;
	classes = {
	};
	objectVersion = 48;
	objects = {

/* Begin PBXBuildFile section */
		9004C5751FB9D72C0050E49C /* AppDelegate.swift in Sources */ = {isa = PBXBuildFile; fileRef = 9004C5741FB9D72C0050E49C /* AppDelegate.swift */; };
		9004C5771FB9D72C0050E49C /* ViewController.swift in Sources */ = {isa = PBXBuildFile; fileRef = 9004C5761FB9D72C0050E49C /* ViewController.swift */; };
		9004C57A1FB9D72C0050E49C /* Main.storyboard in Resources */ = {isa = PBXBuildFile; fileRef = 9004C5781FB9D72C0050E49C /* Main.storyboard */; };
		9004C57C1FB9D72C0050E49C /* Assets.xcassets in Resources */ = {isa = PBXBuildFile; fileRef = 9004C57B1FB9D72C0050E49C /* Assets.xcassets */; };
		9004C57F1FB9D72C0050E49C /* LaunchScreen.storyboard in Resources */ = {isa = PBXBuildFile; fileRef = 9004C57D1FB9D72C0050E49C /* LaunchScreen.storyboard */; };
		9004C58A1FB9D72C0050E49C /* protocol_and_delegate_in_swiftTests.swift in Sources */ = {isa = PBXBuildFile; fileRef = 9004C5891FB9D72C0050E49C /* protocol_and_delegate_in_swiftTests.swift */; };
		9004C5951FB9D72C0050E49C /* protocol_and_delegate_in_swiftUITests.swift in Sources */ = {isa = PBXBuildFile; fileRef = 9004C5941FB9D72C0050E49C /* protocol_and_delegate_in_swiftUITests.swift */; };
		9004C5A31FB9D7560050E49C /* SecondViewController.swift in Sources */ = {isa = PBXBuildFile; fileRef = 9004C5A21FB9D7560050E49C /* SecondViewController.swift */; };
/* End PBXBuildFile section */

/* Begin PBXContainerItemProxy section */
		9004C5861FB9D72C0050E49C /* PBXContainerItemProxy */ = {
			isa = PBXContainerItemProxy;
			containerPortal = 9004C5691FB9D72C0050E49C /* Project object */;
			proxyType = 1;
			remoteGlobalIDString = 9004C5701FB9D72C0050E49C;
			remoteInfo = "protocol and delegate in swift";
		};
		9004C5911FB9D72C0050E49C /* PBXContainerItemProxy */ = {
			isa = PBXContainerItemProxy;
			containerPortal = 9004C5691FB9D72C0050E49C /* Project object */;
			proxyType = 1;
			remoteGlobalIDString = 9004C5701FB9D72C0050E49C;
			remoteInfo = "protocol and delegate in swift";
		};
/* End PBXContainerItemProxy section */

/* Begin PBXFileReference section */
		9004C5711FB9D72C0050E49C /* protocol and delegate in swift.app */ = {isa = PBXFileReference; explicitFileType = wrapper.application; includeInIndex = 0; path = "protocol and delegate in swift.app"; sourceTree = BUILT_PRODUCTS_DIR; };
		9004C5741FB9D72C0050E49C /* AppDelegate.swift */ = {isa = PBXFileReference; lastKnownFileType = sourcecode.swift; path = AppDelegate.swift; sourceTree = "<group>"; };
		9004C5761FB9D72C0050E49C /* ViewController.swift */ = {isa = PBXFileReference; lastKnownFileType = sourcecode.swift; path = ViewController.swift; sourceTree = "<group>"; };
		9004C5791FB9D72C0050E49C /* Base */ = {isa = PBXFileReference; lastKnownFileType = file.storyboard; name = Base; path = Base.lproj/Main.storyboard; sourceTree = "<group>"; };
		9004C57B1FB9D72C0050E49C /* Assets.xcassets */ = {isa = PBXFileReference; lastKnownFileType = folder.assetcatalog; path = Assets.xcassets; sourceTree = "<group>"; };
		9004C57E1FB9D72C0050E49C /* Base */ = {isa = PBXFileReference; lastKnownFileType = file.storyboard; name = Base; path = Base.lproj/LaunchScreen.storyboard; sourceTree = "<group>"; };
		9004C5801FB9D72C0050E49C /* Info.plist */ = {isa = PBXFileReference; lastKnownFileType = text.plist.xml; path = Info.plist; sourceTree = "<group>"; };
		9004C5851FB9D72C0050E49C /* protocol and delegate in swiftTests.xctest */ = {isa = PBXFileReference; explicitFileType = wrapper.cfbundle; includeInIndex = 0; path = "protocol and delegate in swiftTests.xctest"; sourceTree = BUILT_PRODUCTS_DIR; };
		9004C5891FB9D72C0050E49C /* protocol_and_delegate_in_swiftTests.swift */ = {isa = PBXFileReference; lastKnownFileType = sourcecode.swift; path = protocol_and_delegate_in_swiftTests.swift; sourceTree = "<group>"; };
		9004C58B1FB9D72C0050E49C /* Info.plist */ = {isa = PBXFileReference; lastKnownFileType = text.plist.xml; path = Info.plist; sourceTree = "<group>"; };
		9004C5901FB9D72C0050E49C /* protocol and delegate in swiftUITests.xctest */ = {isa = PBXFileReference; explicitFileType = wrapper.cfbundle; includeInIndex = 0; path = "protocol and delegate in swiftUITests.xctest"; sourceTree = BUILT_PRODUCTS_DIR; };
		9004C5941FB9D72C0050E49C /* protocol_and_delegate_in_swiftUITests.swift */ = {isa = PBXFileReference; lastKnownFileType = sourcecode.swift; path = protocol_and_delegate_in_swiftUITests.swift; sourceTree = "<group>"; };
		9004C5961FB9D72C0050E49C /* Info.plist */ = {isa = PBXFileReference; lastKnownFileType = text.plist.xml; path = Info.plist; sourceTree = "<group>"; };
		9004C5A21FB9D7560050E49C /* SecondViewController.swift */ = {isa = PBXFileReference; lastKnownFileType = sourcecode.swift; path = SecondViewController.swift; sourceTree = "<group>"; };
/* End PBXFileReference section */

/* Begin PBXFrameworksBuildPhase section */
		9004C56E1FB9D72C0050E49C /* Frameworks */ = {
			isa = PBXFrameworksBuildPhase;
			buildActionMask = 2147483647;
			files = (
			);
			runOnlyForDeploymentPostprocessing = 0;
		};
		9004C5821FB9D72C0050E49C /* Frameworks */ = {
			isa = PBXFrameworksBuildPhase;
			buildActionMask = 2147483647;
			files = (
			);
			runOnlyForDeploymentPostprocessing = 0;
		};
		9004C58D1FB9D72C0050E49C /* Frameworks */ = {
			isa = PBXFrameworksBuildPhase;
			buildActionMask = 2147483647;
			files = (
			);
			runOnlyForDeploymentPostprocessing = 0;
		};
/* End PBXFrameworksBuildPhase section */

/* Begin PBXGroup section */
		9004C5681FB9D72C0050E49C = {
			isa = PBXGroup;
			children = (
				9004C5731FB9D72C0050E49C /* protocol and delegate in swift */,
				9004C5881FB9D72C0050E49C /* protocol and delegate in swiftTests */,
				9004C5931FB9D72C0050E49C /* protocol and delegate in swiftUITests */,
				9004C5721FB9D72C0050E49C /* Products */,
			);
			sourceTree = "<group>";
		};
		9004C5721FB9D72C0050E49C /* Products */ = {
			isa = PBXGroup;
			children = (
				9004C5711FB9D72C0050E49C /* protocol and delegate in swift.app */,
				9004C5851FB9D72C0050E49C /* protocol and delegate in swiftTests.xctest */,
				9004C5901FB9D72C0050E49C /* protocol and delegate in swiftUITests.xctest */,
			);
			name = Products;
			sourceTree = "<group>";
		};
		9004C5731FB9D72C0050E49C /* protocol and delegate in swift */ = {
			isa = PBXGroup;
			children = (
				9004C5741FB9D72C0050E49C /* AppDelegate.swift */,
				9004C5761FB9D72C0050E49C /* ViewController.swift */,
				9004C5A21FB9D7560050E49C /* SecondViewController.swift */,
				9004C5781FB9D72C0050E49C /* Main.storyboard */,
				9004C57B1FB9D72C0050E49C /* Assets.xcassets */,
				9004C57D1FB9D72C0050E49C /* LaunchScreen.storyboard */,
				9004C5801FB9D72C0050E49C /* Info.plist */,
			);
			path = "protocol and delegate in swift";
			sourceTree = "<group>";
		};
		9004C5881FB9D72C0050E49C /* protocol and delegate in swiftTests */ = {
			isa = PBXGroup;
			children = (
				9004C5891FB9D72C0050E49C /* protocol_and_delegate_in_swiftTests.swift */,
				9004C58B1FB9D72C0050E49C /* Info.plist */,
			);
			path = "protocol and delegate in swiftTests";
			sourceTree = "<group>";
		};
		9004C5931FB9D72C0050E49C /* protocol and delegate in swiftUITests */ = {
			isa = PBXGroup;
			children = (
				9004C5941FB9D72C0050E49C /* protocol_and_delegate_in_swiftUITests.swift */,
				9004C5961FB9D72C0050E49C /* Info.plist */,
			);
			path = "protocol and delegate in swiftUITests";
			sourceTree = "<group>";
		};
/* End PBXGroup section */

/* Begin PBXNativeTarget section */
		9004C5701FB9D72C0050E49C /* protocol and delegate in swift */ = {
			isa = PBXNativeTarget;
			buildConfigurationList = 9004C5991FB9D72C0050E49C /* Build configuration list for PBXNativeTarget "protocol and delegate in swift" */;
			buildPhases = (
				9004C56D1FB9D72C0050E49C /* Sources */,
				9004C56E1FB9D72C0050E49C /* Frameworks */,
				9004C56F1FB9D72C0050E49C /* Resources */,
			);
			buildRules = (
			);
			dependencies = (
			);
			name = "protocol and delegate in swift";
			productName = "protocol and delegate in swift";
			productReference = 9004C5711FB9D72C0050E49C /* protocol and delegate in swift.app */;
			productType = "com.apple.product-type.application";
		};
		9004C5841FB9D72C0050E49C /* protocol and delegate in swiftTests */ = {
			isa = PBXNativeTarget;
			buildConfigurationList = 9004C59C1FB9D72C0050E49C /* Build configuration list for PBXNativeTarget "protocol and delegate in swiftTests" */;
			buildPhases = (
				9004C5811FB9D72C0050E49C /* Sources */,
				9004C5821FB9D72C0050E49C /* Frameworks */,
				9004C5831FB9D72C0050E49C /* Resources */,
			);
			buildRules = (
			);
			dependencies = (
				9004C5871FB9D72C0050E49C /* PBXTargetDependency */,
			);
			name = "protocol and delegate in swiftTests";
			productName = "protocol and delegate in swiftTests";
			productReference = 9004C5851FB9D72C0050E49C /* protocol and delegate in swiftTests.xctest */;
			productType = "com.apple.product-type.bundle.unit-test";
		};
		9004C58F1FB9D72C0050E49C /* protocol and delegate in swiftUITests */ = {
			isa = PBXNativeTarget;
			buildConfigurationList = 9004C59F1FB9D72C0050E49C /* Build configuration list for PBXNativeTarget "protocol and delegate in swiftUITests" */;
			buildPhases = (
				9004C58C1FB9D72C0050E49C /* Sources */,
				9004C58D1FB9D72C0050E49C /* Frameworks */,
				9004C58E1FB9D72C0050E49C /* Resources */,
			);
			buildRules = (
			);
			dependencies = (
				9004C5921FB9D72C0050E49C /* PBXTargetDependency */,
			);
			name = "protocol and delegate in swiftUITests";
			productName = "protocol and delegate in swiftUITests";
			productReference = 9004C5901FB9D72C0050E49C /* protocol and delegate in swiftUITests.xctest */;
			productType = "com.apple.product-type.bundle.ui-testing";
		};
/* End PBXNativeTarget section */

/* Begin PBXProject section */
		9004C5691FB9D72C0050E49C /* Project object */ = {
			isa = PBXProject;
			attributes = {
				LastSwiftUpdateCheck = 0900;
				LastUpgradeCheck = 0900;
				ORGANIZATIONNAME = "Yogesh Patel";
				TargetAttributes = {
					9004C5701FB9D72C0050E49C = {
						CreatedOnToolsVersion = 9.0.1;
						ProvisioningStyle = Automatic;
					};
					9004C5841FB9D72C0050E49C = {
						CreatedOnToolsVersion = 9.0.1;
						ProvisioningStyle = Automatic;
						TestTargetID = 9004C5701FB9D72C0050E49C;
					};
					9004C58F1FB9D72C0050E49C = {
						CreatedOnToolsVersion = 9.0.1;
						ProvisioningStyle = Automatic;
						TestTargetID = 9004C5701FB9D72C0050E49C;
					};
				};
			};
			buildConfigurationList = 9004C56C1FB9D72C0050E49C /* Build configuration list for PBXProject "protocol and delegate in swift" */;
			compatibilityVersion = "Xcode 8.0";
			developmentRegion = en;
			hasScannedForEncodings = 0;
			knownRegions = (
				en,
				Base,
			);
			mainGroup = 9004C5681FB9D72C0050E49C;
			productRefGroup = 9004C5721FB9D72C0050E49C /* Products */;
			projectDirPath = "";
			projectRoot = "";
			targets = (
				9004C5701FB9D72C0050E49C /* protocol and delegate in swift */,
				9004C5841FB9D72C0050E49C /* protocol and delegate in swiftTests */,
				9004C58F1FB9D72C0050E49C /* protocol and delegate in swiftUITests */,
			);
		};
/* End PBXProject section */

/* Begin PBXResourcesBuildPhase section */
		9004C56F1FB9D72C0050E49C /* Resources */ = {
			isa = PBXResourcesBuildPhase;
			buildActionMask = 2147483647;
			files = (
				9004C57F1FB9D72C0050E49C /* LaunchScreen.storyboard in Resources */,
				9004C57C1FB9D72C0050E49C /* Assets.xcassets in Resources */,
				9004C57A1FB9D72C0050E49C /* Main.storyboard in Resources */,
			);
			runOnlyForDeploymentPostprocessing = 0;
		};
		9004C5831FB9D72C0050E49C /* Resources */ = {
			isa = PBXResourcesBuildPhase;
			buildActionMask = 2147483647;
			files = (
			);
			runOnlyForDeploymentPostprocessing = 0;
		};
		9004C58E1FB9D72C0050E49C /* Resources */ = {
			isa = PBXResourcesBuildPhase;
			buildActionMask = 2147483647;
			files = (
			);
			runOnlyForDeploymentPostprocessing = 0;
		};
/* End PBXResourcesBuildPhase section */

/* Begin PBXSourcesBuildPhase section */
		9004C56D1FB9D72C0050E49C /* Sources */ = {
			isa = PBXSourcesBuildPhase;
			buildActionMask = 2147483647;
			files = (
				9004C5A31FB9D7560050E49C /* SecondViewController.swift in Sources */,
				9004C5771FB9D72C0050E49C /* ViewController.swift in Sources */,
				9004C5751FB9D72C0050E49C /* AppDelegate.swift in Sources */,
			);
			runOnlyForDeploymentPostprocessing = 0;
		};
		9004C5811FB9D72C0050E49C /* Sources */ = {
			isa = PBXSourcesBuildPhase;
			buildActionMask = 2147483647;
			files = (
				9004C58A1FB9D72C0050E49C /* protocol_and_delegate_in_swiftTests.swift in Sources */,
			);
			runOnlyForDeploymentPostprocessing = 0;
		};
		9004C58C1FB9D72C0050E49C /* Sources */ = {
			isa = PBXSourcesBuildPhase;
			buildActionMask = 2147483647;
			files = (
				9004C5951FB9D72C0050E49C /* protocol_and_delegate_in_swiftUITests.swift in Sources */,
			);
			runOnlyForDeploymentPostprocessing = 0;
		};
/* End PBXSourcesBuildPhase section */

/* Begin PBXTargetDependency section */
		9004C5871FB9D72C0050E49C /* PBXTargetDependency */ = {
			isa = PBXTargetDependency;
			target = 9004C5701FB9D72C0050E49C /* protocol and delegate in swift */;
			targetProxy = 9004C5861FB9D72C0050E49C /* PBXContainerItemProxy */;
		};
		9004C5921FB9D72C0050E49C /* PBXTargetDependency */ = {
			isa = PBXTargetDependency;
			target = 9004C5701FB9D72C0050E49C /* protocol and delegate in swift */;
			targetProxy = 9004C5911FB9D72C0050E49C /* PBXContainerItemProxy */;
		};
/* End PBXTargetDependency section */

/* Begin PBXVariantGroup section */
		9004C5781FB9D72C0050E49C /* Main.storyboard */ = {
			isa = PBXVariantGroup;
			children = (
				9004C5791FB9D72C0050E49C /* Base */,
			);
			name = Main.storyboard;
			sourceTree = "<group>";
		};
		9004C57D1FB9D72C0050E49C /* LaunchScreen.storyboard */ = {
			isa = PBXVariantGroup;
			children = (
				9004C57E1FB9D72C0050E49C /* Base */,
			);
			name = LaunchScreen.storyboard;
			sourceTree = "<group>";
		};
/* End PBXVariantGroup section */

/* Begin XCBuildConfiguration section */
		9004C5971FB9D72C0050E49C /* Debug */ = {
			isa = XCBuildConfiguration;
			buildSettings = {
				ALWAYS_SEARCH_USER_PATHS = NO;
				CLANG_ANALYZER_NONNULL = YES;
				CLANG_ANALYZER_NUMBER_OBJECT_CONVERSION = YES_AGGRESSIVE;
				CLANG_CXX_LANGUAGE_STANDARD = "gnu++14";
				CLANG_CXX_LIBRARY = "libc++";
				CLANG_ENABLE_MODULES = YES;
				CLANG_ENABLE_OBJC_ARC = YES;
				CLANG_WARN_BLOCK_CAPTURE_AUTORELEASING = YES;
				CLANG_WARN_BOOL_CONVERSION = YES;
				CLANG_WARN_COMMA = YES;
				CLANG_WARN_CONSTANT_CONVERSION = YES;
				CLANG_WARN_DIRECT_OBJC_ISA_USAGE = YES_ERROR;
				CLANG_WARN_DOCUMENTATION_COMMENTS = YES;
				CLANG_WARN_EMPTY_BODY = YES;
				CLANG_WARN_ENUM_CONVERSION = YES;
				CLANG_WARN_INFINITE_RECURSION = YES;
				CLANG_WARN_INT_CONVERSION = YES;
				CLANG_WARN_NON_LITERAL_NULL_CONVERSION = YES;
				CLANG_WARN_OBJC_LITERAL_CONVERSION = YES;
				CLANG_WARN_OBJC_ROOT_CLASS = YES_ERROR;
				CLANG_WARN_RANGE_LOOP_ANALYSIS = YES;
				CLANG_WARN_STRICT_PROTOTYPES = YES;
				CLANG_WARN_SUSPICIOUS_MOVE = YES;
				CLANG_WARN_UNGUARDED_AVAILABILITY = YES_AGGRESSIVE;
				CLANG_WARN_UNREACHABLE_CODE = YES;
				CLANG_WARN__DUPLICATE_METHOD_MATCH = YES;
				CODE_SIGN_IDENTITY = "iPhone Developer";
				COPY_PHASE_STRIP = NO;
				DEBUG_INFORMATION_FORMAT = dwarf;
				ENABLE_STRICT_OBJC_MSGSEND = YES;
				ENABLE_TESTABILITY = YES;
				GCC_C_LANGUAGE_STANDARD = gnu11;
				GCC_DYNAMIC_NO_PIC = NO;
				GCC_NO_COMMON_BLOCKS = YES;
				GCC_OPTIMIZATION_LEVEL = 0;
				GCC_PREPROCESSOR_DEFINITIONS = (
					"DEBUG=1",
					"$(inherited)",
				);
				GCC_WARN_64_TO_32_BIT_CONVERSION = YES;
				GCC_WARN_ABOUT_RETURN_TYPE = YES_ERROR;
				GCC_WARN_UNDECLARED_SELECTOR = YES;
				GCC_WARN_UNINITIALIZED_AUTOS = YES_AGGRESSIVE;
				GCC_WARN_UNUSED_FUNCTION = YES;
				GCC_WARN_UNUSED_VARIABLE = YES;
				IPHONEOS_DEPLOYMENT_TARGET = 11.0;
				MTL_ENABLE_DEBUG_INFO = YES;
				ONLY_ACTIVE_ARCH = YES;
				SDKROOT = iphoneos;
				SWIFT_ACTIVE_COMPILATION_CONDITIONS = DEBUG;
				SWIFT_OPTIMIZATION_LEVEL = "-Onone";
			};
			name = Debug;
		};
		9004C5981FB9D72C0050E49C /* Release */ = {
			isa = XCBuildConfiguration;
			buildSettings = {
				ALWAYS_SEARCH_USER_PATHS = NO;
				CLANG_ANALYZER_NONNULL = YES;
				CLANG_ANALYZER_NUMBER_OBJECT_CONVERSION = YES_AGGRESSIVE;
				CLANG_CXX_LANGUAGE_STANDARD = "gnu++14";
				CLANG_CXX_LIBRARY = "libc++";
				CLANG_ENABLE_MODULES = YES;
				CLANG_ENABLE_OBJC_ARC = YES;
				CLANG_WARN_BLOCK_CAPTURE_AUTORELEASING = YES;
				CLANG_WARN_BOOL_CONVERSION = YES;
				CLANG_WARN_COMMA = YES;
				CLANG_WARN_CONSTANT_CONVERSION = YES;
				CLANG_WARN_DIRECT_OBJC_ISA_USAGE = YES_ERROR;
				CLANG_WARN_DOCUMENTATION_COMMENTS = YES;
				CLANG_WARN_EMPTY_BODY = YES;
				CLANG_WARN_ENUM_CONVERSION = YES;
				CLANG_WARN_INFINITE_RECURSION = YES;
				CLANG_WARN_INT_CONVERSION = YES;
				CLANG_WARN_NON_LITERAL_NULL_CONVERSION = YES;
				CLANG_WARN_OBJC_LITERAL_CONVERSION = YES;
				CLANG_WARN_OBJC_ROOT_CLASS = YES_ERROR;
				CLANG_WARN_RANGE_LOOP_ANALYSIS = YES;
				CLANG_WARN_STRICT_PROTOTYPES = YES;
				CLANG_WARN_SUSPICIOUS_MOVE = YES;
				CLANG_WARN_UNGUARDED_AVAILABILITY = YES_AGGRESSIVE;
				CLANG_WARN_UNREACHABLE_CODE = YES;
				CLANG_WARN__DUPLICATE_METHOD_MATCH = YES;
				CODE_SIGN_IDENTITY = "iPhone Developer";
				COPY_PHASE_STRIP = NO;
				DEBUG_INFORMATION_FORMAT = "dwarf-with-dsym";
				ENABLE_NS_ASSERTIONS = NO;
				ENABLE_STRICT_OBJC_MSGSEND = YES;
				GCC_C_LANGUAGE_STANDARD = gnu11;
				GCC_NO_COMMON_BLOCKS = YES;
				GCC_WARN_64_TO_32_BIT_CONVERSION = YES;
				GCC_WARN_ABOUT_RETURN_TYPE = YES_ERROR;
				GCC_WARN_UNDECLARED_SELECTOR = YES;
				GCC_WARN_UNINITIALIZED_AUTOS = YES_AGGRESSIVE;
				GCC_WARN_UNUSED_FUNCTION = YES;
				GCC_WARN_UNUSED_VARIABLE = YES;
				IPHONEOS_DEPLOYMENT_TARGET = 11.0;
				MTL_ENABLE_DEBUG_INFO = NO;
				SDKROOT = iphoneos;
				SWIFT_OPTIMIZATION_LEVEL = "-Owholemodule";
				VALIDATE_PRODUCT = YES;
			};
			name = Release;
		};
		9004C59A1FB9D72C0050E49C /* Debug */ = {
			isa = XCBuildConfiguration;
			buildSettings = {
				ASSETCATALOG_COMPILER_APPICON_NAME = AppIcon;
				CODE_SIGN_STYLE = Automatic;
				DEVELOPMENT_TEAM = CF4QM4CNHN;
				INFOPLIST_FILE = "protocol and delegate in swift/Info.plist";
				LD_RUNPATH_SEARCH_PATHS = "$(inherited) @executable_path/Frameworks";
				PRODUCT_BUNDLE_IDENTIFIER = com.jainish.protocoldemo;
				PRODUCT_NAME = "$(TARGET_NAME)";
				SWIFT_VERSION = 4.0;
				TARGETED_DEVICE_FAMILY = "1,2";
			};
			name = Debug;
		};
		9004C59B1FB9D72C0050E49C /* Release */ = {
			isa = XCBuildConfiguration;
			buildSettings = {
				ASSETCATALOG_COMPILER_APPICON_NAME = AppIcon;
				CODE_SIGN_STYLE = Automatic;
				DEVELOPMENT_TEAM = CF4QM4CNHN;
				INFOPLIST_FILE = "protocol and delegate in swift/Info.plist";
				LD_RUNPATH_SEARCH_PATHS = "$(inherited) @executable_path/Frameworks";
				PRODUCT_BUNDLE_IDENTIFIER = com.jainish.protocoldemo;
				PRODUCT_NAME = "$(TARGET_NAME)";
				SWIFT_VERSION = 4.0;
				TARGETED_DEVICE_FAMILY = "1,2";
			};
			name = Release;
		};
		9004C59D1FB9D72C0050E49C /* Debug */ = {
			isa = XCBuildConfiguration;
			buildSettings = {
				ALWAYS_EMBED_SWIFT_STANDARD_LIBRARIES = YES;
				BUNDLE_LOADER = "$(TEST_HOST)";
				CODE_SIGN_STYLE = Automatic;
				DEVELOPMENT_TEAM = CF4QM4CNHN;
				INFOPLIST_FILE = "protocol and delegate in swiftTests/Info.plist";
				LD_RUNPATH_SEARCH_PATHS = "$(inherited) @executable_path/Frameworks @loader_path/Frameworks";
				PRODUCT_BUNDLE_IDENTIFIER = "com.jainish-patel.protocol-and-delegate-in-swiftTests";
				PRODUCT_NAME = "$(TARGET_NAME)";
				SWIFT_VERSION = 4.0;
				TARGETED_DEVICE_FAMILY = "1,2";
				TEST_HOST = "$(BUILT_PRODUCTS_DIR)/protocol and delegate in swift.app/protocol and delegate in swift";
			};
			name = Debug;
		};
		9004C59E1FB9D72C0050E49C /* Release */ = {
			isa = XCBuildConfiguration;
			buildSettings = {
				ALWAYS_EMBED_SWIFT_STANDARD_LIBRARIES = YES;
				BUNDLE_LOADER = "$(TEST_HOST)";
				CODE_SIGN_STYLE = Automatic;
				DEVELOPMENT_TEAM = CF4QM4CNHN;
				INFOPLIST_FILE = "protocol and delegate in swiftTests/Info.plist";
				LD_RUNPATH_SEARCH_PATHS = "$(inherited) @executable_path/Frameworks @loader_path/Frameworks";
				PRODUCT_BUNDLE_IDENTIFIER = "com.jainish-patel.protocol-and-delegate-in-swiftTests";
				PRODUCT_NAME = "$(TARGET_NAME)";
				SWIFT_VERSION = 4.0;
				TARGETED_DEVICE_FAMILY = "1,2";
				TEST_HOST = "$(BUILT_PRODUCTS_DIR)/protocol and delegate in swift.app/protocol and delegate in swift";
			};
			name = Release;
		};
		9004C5A01FB9D72C0050E49C /* Debug */ = {
			isa = XCBuildConfiguration;
			buildSettings = {
				ALWAYS_EMBED_SWIFT_STANDARD_LIBRARIES = YES;
				CODE_SIGN_STYLE = Automatic;
				DEVELOPMENT_TEAM = CF4QM4CNHN;
				INFOPLIST_FILE = "protocol and delegate in swiftUITests/Info.plist";
				LD_RUNPATH_SEARCH_PATHS = "$(inherited) @executable_path/Frameworks @loader_path/Frameworks";
				PRODUCT_BUNDLE_IDENTIFIER = "com.jainish-patel.protocol-and-delegate-in-swiftUITests";
				PRODUCT_NAME = "$(TARGET_NAME)";
				SWIFT_VERSION = 4.0;
				TARGETED_DEVICE_FAMILY = "1,2";
				TEST_TARGET_NAME = "protocol and delegate in swift";
			};
			name = Debug;
		};
		9004C5A11FB9D72C0050E49C /* Release */ = {
			isa = XCBuildConfiguration;
			buildSettings = {
				ALWAYS_EMBED_SWIFT_STANDARD_LIBRARIES = YES;
				CODE_SIGN_STYLE = Automatic;
				DEVELOPMENT_TEAM = CF4QM4CNHN;
				INFOPLIST_FILE = "protocol and delegate in swiftUITests/Info.plist";
				LD_RUNPATH_SEARCH_PATHS = "$(inherited) @executable_path/Frameworks @loader_path/Frameworks";
				PRODUCT_BUNDLE_IDENTIFIER = "com.jainish-patel.protocol-and-delegate-in-swiftUITests";
				PRODUCT_NAME = "$(TARGET_NAME)";
				SWIFT_VERSION = 4.0;
				TARGETED_DEVICE_FAMILY = "1,2";
				TEST_TARGET_NAME = "protocol and delegate in swift";
			};
			name = Release;
		};
/* End XCBuildConfiguration section */

/* Begin XCConfigurationList section */
		9004C56C1FB9D72C0050E49C /* Build configuration list for PBXProject "protocol and delegate in swift" */ = {
			isa = XCConfigurationList;
			buildConfigurations = (
				9004C5971FB9D72C0050E49C /* Debug */,
				9004C5981FB9D72C0050E49C /* Release */,
			);
			defaultConfigurationIsVisible = 0;
			defaultConfigurationName = Release;
		};
		9004C5991FB9D72C0050E49C /* Build configuration list for PBXNativeTarget "protocol and delegate in swift" */ = {
			isa = XCConfigurationList;
			buildConfigurations = (
				9004C59A1FB9D72C0050E49C /* Debug */,
				9004C59B1FB9D72C0050E49C /* Release */,
			);
			defaultConfigurationIsVisible = 0;
			defaultConfigurationName = Release;
		};
		9004C59C1FB9D72C0050E49C /* Build configuration list for PBXNativeTarget "protocol and delegate in swiftTests" */ = {
			isa = XCConfigurationList;
			buildConfigurations = (
				9004C59D1FB9D72C0050E49C /* Debug */,
				9004C59E1FB9D72C0050E49C /* Release */,
			);
			defaultConfigurationIsVisible = 0;
			defaultConfigurationName = Release;
		};
		9004C59F1FB9D72C0050E49C /* Build configuration list for PBXNativeTarget "protocol and delegate in swiftUITests" */ = {
			isa = XCConfigurationList;
			buildConfigurations = (
				9004C5A01FB9D72C0050E49C /* Debug */,
				9004C5A11FB9D72C0050E49C /* Release */,
			);
			defaultConfigurationIsVisible = 0;
			defaultConfigurationName = Release;
		};
/* End XCConfigurationList section */
	};
	rootObject = 9004C5691FB9D72C0050E49C /* Project object */;
}
